// !$*UTF8*$!
{
	archiveVersion = 1;
	classes = {
	};
	objectVersion = 52;
	objects = {

/* Begin PBXBuildFile section */
		34954FC5235431A800C8580B /* AppDelegate.swift in Sources */ = {isa = PBXBuildFile; fileRef = 34954FC4235431A800C8580B /* AppDelegate.swift */; };
		34954FC7235431A800C8580B /* SceneDelegate.swift in Sources */ = {isa = PBXBuildFile; fileRef = 34954FC6235431A800C8580B /* SceneDelegate.swift */; };
		34954FC9235431A800C8580B /* ViewController.swift in Sources */ = {isa = PBXBuildFile; fileRef = 34954FC8235431A800C8580B /* ViewController.swift */; };
		34954FCC235431A800C8580B /* Main.storyboard in Resources */ = {isa = PBXBuildFile; fileRef = 34954FCA235431A800C8580B /* Main.storyboard */; };
		34954FCE235431A800C8580B /* Assets.xcassets in Resources */ = {isa = PBXBuildFile; fileRef = 34954FCD235431A800C8580B /* Assets.xcassets */; };
		34954FD1235431A800C8580B /* LaunchScreen.storyboard in Resources */ = {isa = PBXBuildFile; fileRef = 34954FCF235431A800C8580B /* LaunchScreen.storyboard */; };
		34C967FD258169BD009DDF4B /* SpotHeroEmailValidator in Frameworks */ = {isa = PBXBuildFile; productRef = 34C967FC258169BD009DDF4B /* SpotHeroEmailValidator */; };
/* End PBXBuildFile section */

/* Begin PBXFileReference section */
		344977B5234C344E00D71628 /* SpotHeroEmailValidator.framework */ = {isa = PBXFileReference; explicitFileType = wrapper.framework; path = SpotHeroEmailValidator.framework; sourceTree = BUILT_PRODUCTS_DIR; };
		34954FC2235431A800C8580B /* SpotHeroEmailValidatorDemo.app */ = {isa = PBXFileReference; explicitFileType = wrapper.application; includeInIndex = 0; path = SpotHeroEmailValidatorDemo.app; sourceTree = BUILT_PRODUCTS_DIR; };
		34954FC4235431A800C8580B /* AppDelegate.swift */ = {isa = PBXFileReference; lastKnownFileType = sourcecode.swift; path = AppDelegate.swift; sourceTree = "<group>"; };
		34954FC6235431A800C8580B /* SceneDelegate.swift */ = {isa = PBXFileReference; lastKnownFileType = sourcecode.swift; path = SceneDelegate.swift; sourceTree = "<group>"; };
		34954FC8235431A800C8580B /* ViewController.swift */ = {isa = PBXFileReference; lastKnownFileType = sourcecode.swift; path = ViewController.swift; sourceTree = "<group>"; };
		34954FCB235431A800C8580B /* Base */ = {isa = PBXFileReference; lastKnownFileType = file.storyboard; name = Base; path = Base.lproj/Main.storyboard; sourceTree = "<group>"; };
		34954FCD235431A800C8580B /* Assets.xcassets */ = {isa = PBXFileReference; lastKnownFileType = folder.assetcatalog; path = Assets.xcassets; sourceTree = "<group>"; };
		34954FD0235431A800C8580B /* Base */ = {isa = PBXFileReference; lastKnownFileType = file.storyboard; name = Base; path = Base.lproj/LaunchScreen.storyboard; sourceTree = "<group>"; };
		34954FD2235431A800C8580B /* Info.plist */ = {isa = PBXFileReference; lastKnownFileType = text.plist.xml; path = Info.plist; sourceTree = "<group>"; };
		34954FD82354366600C8580B /* SpotHeroEmailValidator.framework */ = {isa = PBXFileReference; explicitFileType = wrapper.framework; path = SpotHeroEmailValidator.framework; sourceTree = BUILT_PRODUCTS_DIR; };
/* End PBXFileReference section */

/* Begin PBXFrameworksBuildPhase section */
		34954FBF235431A800C8580B /* Frameworks */ = {
			isa = PBXFrameworksBuildPhase;
			buildActionMask = 2147483647;
			files = (
				34C967FD258169BD009DDF4B /* SpotHeroEmailValidator in Frameworks */,
			);
			runOnlyForDeploymentPostprocessing = 0;
		};
/* End PBXFrameworksBuildPhase section */

/* Begin PBXGroup section */
		3449778C234C337B00D71628 = {
			isa = PBXGroup;
			children = (
				34954FC3235431A800C8580B /* SpotHeroEmailValidatorDemo */,
				34497796234C337B00D71628 /* Products */,
				344977B4234C344E00D71628 /* Frameworks */,
			);
			sourceTree = "<group>";
		};
		34497796234C337B00D71628 /* Products */ = {
			isa = PBXGroup;
			children = (
				34954FC2235431A800C8580B /* SpotHeroEmailValidatorDemo.app */,
			);
			name = Products;
			sourceTree = "<group>";
		};
		344977B4234C344E00D71628 /* Frameworks */ = {
			isa = PBXGroup;
			children = (
				34954FD82354366600C8580B /* SpotHeroEmailValidator.framework */,
				344977B5234C344E00D71628 /* SpotHeroEmailValidator.framework */,
			);
			name = Frameworks;
			sourceTree = "<group>";
		};
		34954FC3235431A800C8580B /* SpotHeroEmailValidatorDemo */ = {
			isa = PBXGroup;
			children = (
				34954FD2235431A800C8580B /* Info.plist */,
				34954FC4235431A800C8580B /* AppDelegate.swift */,
				34954FC6235431A800C8580B /* SceneDelegate.swift */,
				34954FC8235431A800C8580B /* ViewController.swift */,
				34954FCA235431A800C8580B /* Main.storyboard */,
				34954FD62354320200C8580B /* Resources */,
			);
			path = SpotHeroEmailValidatorDemo;
			sourceTree = "<group>";
		};
		34954FD62354320200C8580B /* Resources */ = {
			isa = PBXGroup;
			children = (
				34954FCD235431A800C8580B /* Assets.xcassets */,
				34954FCF235431A800C8580B /* LaunchScreen.storyboard */,
			);
			path = Resources;
			sourceTree = "<group>";
		};
/* End PBXGroup section */

/* Begin PBXNativeTarget section */
		34954FC1235431A800C8580B /* SpotHeroEmailValidatorDemo */ = {
			isa = PBXNativeTarget;
			buildConfigurationList = 34954FD5235431A800C8580B /* Build configuration list for PBXNativeTarget "SpotHeroEmailValidatorDemo" */;
			buildPhases = (
				34954FBE235431A800C8580B /* Sources */,
				34954FBF235431A800C8580B /* Frameworks */,
				34954FC0235431A800C8580B /* Resources */,
			);
			buildRules = (
			);
			dependencies = (
			);
			name = SpotHeroEmailValidatorDemo;
			packageProductDependencies = (
				34C967FC258169BD009DDF4B /* SpotHeroEmailValidator */,
			);
			productName = SpotHeroEmailValidatorSwiftDemo;
			productReference = 34954FC2235431A800C8580B /* SpotHeroEmailValidatorDemo.app */;
			productType = "com.apple.product-type.application";
		};
/* End PBXNativeTarget section */

/* Begin PBXProject section */
		3449778D234C337B00D71628 /* Project object */ = {
			isa = PBXProject;
			attributes = {
				LastSwiftUpdateCheck = 1110;
				LastUpgradeCheck = 1220;
				ORGANIZATIONNAME = "SpotHero, Inc.";
				TargetAttributes = {
					34954FC1235431A800C8580B = {
						CreatedOnToolsVersion = 11.1;
					};
				};
			};
			buildConfigurationList = 34497790234C337B00D71628 /* Build configuration list for PBXProject "SpotHeroEmailValidatorDemo" */;
			compatibilityVersion = "Xcode 10.0";
			developmentRegion = en;
			hasScannedForEncodings = 0;
			knownRegions = (
				en,
				Base,
			);
			mainGroup = 3449778C234C337B00D71628;
			productRefGroup = 34497796234C337B00D71628 /* Products */;
			projectDirPath = "";
			projectRoot = "";
			targets = (
				34954FC1235431A800C8580B /* SpotHeroEmailValidatorDemo */,
			);
		};
/* End PBXProject section */

/* Begin PBXResourcesBuildPhase section */
		34954FC0235431A800C8580B /* Resources */ = {
			isa = PBXResourcesBuildPhase;
			buildActionMask = 2147483647;
			files = (
				34954FD1235431A800C8580B /* LaunchScreen.storyboard in Resources */,
				34954FCE235431A800C8580B /* Assets.xcassets in Resources */,
				34954FCC235431A800C8580B /* Main.storyboard in Resources */,
			);
			runOnlyForDeploymentPostprocessing = 0;
		};
/* End PBXResourcesBuildPhase section */

/* Begin PBXSourcesBuildPhase section */
		34954FBE235431A800C8580B /* Sources */ = {
			isa = PBXSourcesBuildPhase;
			buildActionMask = 2147483647;
			files = (
				34954FC9235431A800C8580B /* ViewController.swift in Sources */,
				34954FC5235431A800C8580B /* AppDelegate.swift in Sources */,
				34954FC7235431A800C8580B /* SceneDelegate.swift in Sources */,
			);
			runOnlyForDeploymentPostprocessing = 0;
		};
/* End PBXSourcesBuildPhase section */

/* Begin PBXVariantGroup section */
		34954FCA235431A800C8580B /* Main.storyboard */ = {
			isa = PBXVariantGroup;
			children = (
				34954FCB235431A800C8580B /* Base */,
			);
			name = Main.storyboard;
			sourceTree = "<group>";
		};
		34954FCF235431A800C8580B /* LaunchScreen.storyboard */ = {
			isa = PBXVariantGroup;
			children = (
				34954FD0235431A800C8580B /* Base */,
			);
			name = LaunchScreen.storyboard;
			sourceTree = "<group>";
		};
/* End PBXVariantGroup section */

/* Begin XCBuildConfiguration section */
		344977AC234C337B00D71628 /* Debug */ = {
			isa = XCBuildConfiguration;
			buildSettings = {
				ALWAYS_SEARCH_USER_PATHS = NO;
				CLANG_ANALYZER_NONNULL = YES;
				CLANG_ANALYZER_NUMBER_OBJECT_CONVERSION = YES_AGGRESSIVE;
				CLANG_CXX_LANGUAGE_STANDARD = "gnu++14";
				CLANG_CXX_LIBRARY = "libc++";
				CLANG_ENABLE_MODULES = YES;
				CLANG_ENABLE_OBJC_ARC = YES;
				CLANG_ENABLE_OBJC_WEAK = YES;
				CLANG_WARN_BLOCK_CAPTURE_AUTORELEASING = YES;
				CLANG_WARN_BOOL_CONVERSION = YES;
				CLANG_WARN_COMMA = YES;
				CLANG_WARN_CONSTANT_CONVERSION = YES;
				CLANG_WARN_DEPRECATED_OBJC_IMPLEMENTATIONS = YES;
				CLANG_WARN_DIRECT_OBJC_ISA_USAGE = YES_ERROR;
				CLANG_WARN_DOCUMENTATION_COMMENTS = YES;
				CLANG_WARN_EMPTY_BODY = YES;
				CLANG_WARN_ENUM_CONVERSION = YES;
				CLANG_WARN_INFINITE_RECURSION = YES;
				CLANG_WARN_INT_CONVERSION = YES;
				CLANG_WARN_NON_LITERAL_NULL_CONVERSION = YES;
				CLANG_WARN_OBJC_IMPLICIT_RETAIN_SELF = YES;
				CLANG_WARN_OBJC_LITERAL_CONVERSION = YES;
				CLANG_WARN_OBJC_ROOT_CLASS = YES_ERROR;
				CLANG_WARN_QUOTED_INCLUDE_IN_FRAMEWORK_HEADER = YES;
				CLANG_WARN_RANGE_LOOP_ANALYSIS = YES;
				CLANG_WARN_STRICT_PROTOTYPES = YES;
				CLANG_WARN_SUSPICIOUS_MOVE = YES;
				CLANG_WARN_UNGUARDED_AVAILABILITY = YES_AGGRESSIVE;
				CLANG_WARN_UNREACHABLE_CODE = YES;
				CLANG_WARN__DUPLICATE_METHOD_MATCH = YES;
				COPY_PHASE_STRIP = NO;
				DEBUG_INFORMATION_FORMAT = dwarf;
				ENABLE_STRICT_OBJC_MSGSEND = YES;
				ENABLE_TESTABILITY = YES;
				GCC_C_LANGUAGE_STANDARD = gnu11;
				GCC_DYNAMIC_NO_PIC = NO;
				GCC_NO_COMMON_BLOCKS = YES;
				GCC_OPTIMIZATION_LEVEL = 0;
				GCC_PREPROCESSOR_DEFINITIONS = (
					"DEBUG=1",
					"$(inherited)",
				);
				GCC_WARN_64_TO_32_BIT_CONVERSION = YES;
				GCC_WARN_ABOUT_RETURN_TYPE = YES_ERROR;
				GCC_WARN_UNDECLARED_SELECTOR = YES;
				GCC_WARN_UNINITIALIZED_AUTOS = YES_AGGRESSIVE;
				GCC_WARN_UNUSED_FUNCTION = YES;
				GCC_WARN_UNUSED_VARIABLE = YES;
				IPHONEOS_DEPLOYMENT_TARGET = 12.0;
				MTL_ENABLE_DEBUG_INFO = INCLUDE_SOURCE;
				MTL_FAST_MATH = YES;
				ONLY_ACTIVE_ARCH = YES;
				SDKROOT = iphoneos;
			};
			name = Debug;
		};
		344977AD234C337B00D71628 /* Release */ = {
			isa = XCBuildConfiguration;
			buildSettings = {
				ALWAYS_SEARCH_USER_PATHS = NO;
				CLANG_ANALYZER_NONNULL = YES;
				CLANG_ANALYZER_NUMBER_OBJECT_CONVERSION = YES_AGGRESSIVE;
				CLANG_CXX_LANGUAGE_STANDARD = "gnu++14";
				CLANG_CXX_LIBRARY = "libc++";
				CLANG_ENABLE_MODULES = YES;
				CLANG_ENABLE_OBJC_ARC = YES;
				CLANG_ENABLE_OBJC_WEAK = YES;
				CLANG_WARN_BLOCK_CAPTURE_AUTORELEASING = YES;
				CLANG_WARN_BOOL_CONVERSION = YES;
				CLANG_WARN_COMMA = YES;
				CLANG_WARN_CONSTANT_CONVERSION = YES;
				CLANG_WARN_DEPRECATED_OBJC_IMPLEMENTATIONS = YES;
				CLANG_WARN_DIRECT_OBJC_ISA_USAGE = YES_ERROR;
				CLANG_WARN_DOCUMENTATION_COMMENTS = YES;
				CLANG_WARN_EMPTY_BODY = YES;
				CLANG_WARN_ENUM_CONVERSION = YES;
				CLANG_WARN_INFINITE_RECURSION = YES;
				CLANG_WARN_INT_CONVERSION = YES;
				CLANG_WARN_NON_LITERAL_NULL_CONVERSION = YES;
				CLANG_WARN_OBJC_IMPLICIT_RETAIN_SELF = YES;
				CLANG_WARN_OBJC_LITERAL_CONVERSION = YES;
				CLANG_WARN_OBJC_ROOT_CLASS = YES_ERROR;
				CLANG_WARN_QUOTED_INCLUDE_IN_FRAMEWORK_HEADER = YES;
				CLANG_WARN_RANGE_LOOP_ANALYSIS = YES;
				CLANG_WARN_STRICT_PROTOTYPES = YES;
				CLANG_WARN_SUSPICIOUS_MOVE = YES;
				CLANG_WARN_UNGUARDED_AVAILABILITY = YES_AGGRESSIVE;
				CLANG_WARN_UNREACHABLE_CODE = YES;
				CLANG_WARN__DUPLICATE_METHOD_MATCH = YES;
				COPY_PHASE_STRIP = NO;
				DEBUG_INFORMATION_FORMAT = "dwarf-with-dsym";
				ENABLE_NS_ASSERTIONS = NO;
				ENABLE_STRICT_OBJC_MSGSEND = YES;
				GCC_C_LANGUAGE_STANDARD = gnu11;
				GCC_NO_COMMON_BLOCKS = YES;
				GCC_WARN_64_TO_32_BIT_CONVERSION = YES;
				GCC_WARN_ABOUT_RETURN_TYPE = YES_ERROR;
				GCC_WARN_UNDECLARED_SELECTOR = YES;
				GCC_WARN_UNINITIALIZED_AUTOS = YES_AGGRESSIVE;
				GCC_WARN_UNUSED_FUNCTION = YES;
				GCC_WARN_UNUSED_VARIABLE = YES;
				IPHONEOS_DEPLOYMENT_TARGET = 12.0;
				MTL_ENABLE_DEBUG_INFO = NO;
				MTL_FAST_MATH = YES;
				SDKROOT = iphoneos;
				VALIDATE_PRODUCT = YES;
			};
			name = Release;
		};
		34954FD3235431A800C8580B /* Debug */ = {
			isa = XCBuildConfiguration;
			buildSettings = {
				ASSETCATALOG_COMPILER_APPICON_NAME = AppIcon;
				CODE_SIGN_STYLE = Automatic;
				DEVELOPMENT_TEAM = ZW7QWR628D;
				INFOPLIST_FILE = SpotHeroEmailValidatorDemo/Info.plist;
				IPHONEOS_DEPLOYMENT_TARGET = 13.1;
				LD_RUNPATH_SEARCH_PATHS = (
					"$(inherited)",
					"@executable_path/Frameworks",
				);
				PRODUCT_BUNDLE_IDENTIFIER = com.spothero.SpotHeroEmailValidatorDemo;
				PRODUCT_NAME = SpotHeroEmailValidatorDemo;
				SWIFT_ACTIVE_COMPILATION_CONDITIONS = DEBUG;
				SWIFT_OPTIMIZATION_LEVEL = "-Onone";
				SWIFT_VERSION = 5.0;
				TARGETED_DEVICE_FAMILY = "1,2";
			};
			name = Debug;
		};
		34954FD4235431A800C8580B /* Release */ = {
			isa = XCBuildConfiguration;
			buildSettings = {
				ASSETCATALOG_COMPILER_APPICON_NAME = AppIcon;
				CODE_SIGN_STYLE = Automatic;
				DEVELOPMENT_TEAM = ZW7QWR628D;
				INFOPLIST_FILE = SpotHeroEmailValidatorDemo/Info.plist;
				IPHONEOS_DEPLOYMENT_TARGET = 13.1;
				LD_RUNPATH_SEARCH_PATHS = (
					"$(inherited)",
					"@executable_path/Frameworks",
				);
				PRODUCT_BUNDLE_IDENTIFIER = com.spothero.SpotHeroEmailValidatorDemo;
				PRODUCT_NAME = SpotHeroEmailValidatorDemo;
				SWIFT_COMPILATION_MODE = wholemodule;
				SWIFT_OPTIMIZATION_LEVEL = "-O";
				SWIFT_VERSION = 5.0;
				TARGETED_DEVICE_FAMILY = "1,2";
			};
			name = Release;
		};
/* End XCBuildConfiguration section */

/* Begin XCConfigurationList section */
		34497790234C337B00D71628 /* Build configuration list for PBXProject "SpotHeroEmailValidatorDemo" */ = {
			isa = XCConfigurationList;
			buildConfigurations = (
				344977AC234C337B00D71628 /* Debug */,
				344977AD234C337B00D71628 /* Release */,
			);
			defaultConfigurationIsVisible = 0;
			defaultConfigurationName = Release;
		};
		34954FD5235431A800C8580B /* Build configuration list for PBXNativeTarget "SpotHeroEmailValidatorDemo" */ = {
			isa = XCConfigurationList;
			buildConfigurations = (
				34954FD3235431A800C8580B /* Debug */,
				34954FD4235431A800C8580B /* Release */,
			);
			defaultConfigurationIsVisible = 0;
			defaultConfigurationName = Release;
		};
/* End XCConfigurationList section */

/* Begin XCSwiftPackageProductDependency section */
		34C967FC258169BD009DDF4B /* SpotHeroEmailValidator */ = {
			isa = XCSwiftPackageProductDependency;
			productName = SpotHeroEmailValidator;
		};
/* End XCSwiftPackageProductDependency section */
	};
	rootObject = 3449778D234C337B00D71628 /* Project object */;
}
